
Microsoft Visual Studio Solution File, Format Version 12.00
# Visual Studio 15
VisualStudioVersion = 15.0.27130.2010
MinimumVisualStudioVersion = 10.0.40219.1
Project("{FAE04EC0-301F-11D3-BF4B-00C04F79EFBC}") = "TestApp", "TestApp\TestApp.csproj", "{7ED32B6A-6CB8-454F-985B-FDF9C70D4D7B}"
EndProject
Global
	GlobalSection(SolutionConfigurationPlatforms) = preSolution
		Debug|Any CPU = Debug|Any CPU
		Release|Any CPU = Release|Any CPU
	EndGlobalSection
	GlobalSection(ProjectConfigurationPlatforms) = postSolution
		{7ED32B6A-6CB8-454F-985B-FDF9C70D4D7B}.Debug|Any CPU.ActiveCfg = Debug|Any CPU
		{7ED32B6A-6CB8-454F-985B-FDF9C70D4D7B}.Debug|Any CPU.Build.0 = Debug|Any CPU
		{7ED32B6A-6CB8-454F-985B-FDF9C70D4D7B}.Release|Any CPU.ActiveCfg = Release|Any CPU
		{7ED32B6A-6CB8-454F-985B-FDF9C70D4D7B}.Release|Any CPU.Build.0 = Release|Any CPU
	EndGlobalSection
	GlobalSection(SolutionProperties) = preSolution
		HideSolutionNode = FALSE
	EndGlobalSection
	GlobalSection(ExtensibilityGlobals) = postSolution
		SolutionGuid = {3A6D206F-C6A9-4C78-8586-11E667D0C42B}
	EndGlobalSection
EndGlobal
